
Microsoft Visual Studio Solution File, Format Version 9.00
# Visual Studio 2005
Project("{FAE04EC0-301F-11D3-BF4B-00C04F79EFBC}") = "NHibernate.Query.Generator", "NHibernate.Query.Generator\NHibernate.Query.Generator.csproj", "{042B9A3D-18DB-4ED7-89F2-EDF68C4E40EA}"
EndProject
Project("{FAE04EC0-301F-11D3-BF4B-00C04F79EFBC}") = "NHibernate.Query.Generator.Tests", "NHibernate.Query.Generator.Tests\NHibernate.Query.Generator.Tests.csproj", "{8E4B87FD-4EC2-4CBC-B709-E8614A714B78}"
EndProject
Project("{54435603-DBB4-11D2-8724-00A0C9A8B90C}") = "NHibernate.Query.Generator.Setup", "NHibernate.Query.Generator.Setup\NHibernate.Query.Generator.Setup.vdproj", "{C088B9A2-F53F-4D13-B1FD-053884E94BB0}"
EndProject
Global
	GlobalSection(SolutionConfigurationPlatforms) = preSolution
		Debug|Any CPU = Debug|Any CPU
		Release|Any CPU = Release|Any CPU
	EndGlobalSection
	GlobalSection(ProjectConfigurationPlatforms) = postSolution
		{042B9A3D-18DB-4ED7-89F2-EDF68C4E40EA}.Debug|Any CPU.ActiveCfg = Debug|Any CPU
		{042B9A3D-18DB-4ED7-89F2-EDF68C4E40EA}.Debug|Any CPU.Build.0 = Debug|Any CPU
		{042B9A3D-18DB-4ED7-89F2-EDF68C4E40EA}.Release|Any CPU.ActiveCfg = Release|Any CPU
		{042B9A3D-18DB-4ED7-89F2-EDF68C4E40EA}.Release|Any CPU.Build.0 = Release|Any CPU
		{8E4B87FD-4EC2-4CBC-B709-E8614A714B78}.Debug|Any CPU.ActiveCfg = Debug|Any CPU
		{8E4B87FD-4EC2-4CBC-B709-E8614A714B78}.Debug|Any CPU.Build.0 = Debug|Any CPU
		{8E4B87FD-4EC2-4CBC-B709-E8614A714B78}.Release|Any CPU.ActiveCfg = Release|Any CPU
		{8E4B87FD-4EC2-4CBC-B709-E8614A714B78}.Release|Any CPU.Build.0 = Release|Any CPU
		{C088B9A2-F53F-4D13-B1FD-053884E94BB0}.Debug|Any CPU.ActiveCfg = Debug
		{C088B9A2-F53F-4D13-B1FD-053884E94BB0}.Release|Any CPU.ActiveCfg = Release
	EndGlobalSection
	GlobalSection(SolutionProperties) = preSolution
		HideSolutionNode = FALSE
	EndGlobalSection
EndGlobal
