
Microsoft Visual Studio Solution File, Format Version 10.00
# Visual Studio 2008
Project("{FAE04EC0-301F-11D3-BF4B-00C04F79EFBC}") = "MultiTenancy.Web", "MultiTenancy.Web\MultiTenancy.Web.csproj", "{C9B10329-1A47-488F-984C-5323F180BC77}"
EndProject
Project("{FAE04EC0-301F-11D3-BF4B-00C04F79EFBC}") = "Northwind.Web", "Northwind.Web\Northwind.Web.csproj", "{2802B49C-0058-4966-A4C7-151E20846B19}"
EndProject
Project("{FAE04EC0-301F-11D3-BF4B-00C04F79EFBC}") = "Southsand.Web", "Southsand.Web\Southsand.Web.csproj", "{979A9DDF-0F6C-4920-84CA-3B4F534DA511}"
EndProject
Project("{FAE04EC0-301F-11D3-BF4B-00C04F79EFBC}") = "Eastsea.Web", "Eastsea.Web\Eastsea.Web.csproj", "{44BB615B-CEE6-48CE-B16F-A1CAA019235A}"
EndProject
Global
	GlobalSection(SolutionConfigurationPlatforms) = preSolution
		Debug|Any CPU = Debug|Any CPU
		Release|Any CPU = Release|Any CPU
	EndGlobalSection
	GlobalSection(ProjectConfigurationPlatforms) = postSolution
		{C9B10329-1A47-488F-984C-5323F180BC77}.Debug|Any CPU.ActiveCfg = Debug|Any CPU
		{C9B10329-1A47-488F-984C-5323F180BC77}.Debug|Any CPU.Build.0 = Debug|Any CPU
		{C9B10329-1A47-488F-984C-5323F180BC77}.Release|Any CPU.ActiveCfg = Release|Any CPU
		{C9B10329-1A47-488F-984C-5323F180BC77}.Release|Any CPU.Build.0 = Release|Any CPU
		{2802B49C-0058-4966-A4C7-151E20846B19}.Debug|Any CPU.ActiveCfg = Debug|Any CPU
		{2802B49C-0058-4966-A4C7-151E20846B19}.Debug|Any CPU.Build.0 = Debug|Any CPU
		{2802B49C-0058-4966-A4C7-151E20846B19}.Release|Any CPU.ActiveCfg = Release|Any CPU
		{2802B49C-0058-4966-A4C7-151E20846B19}.Release|Any CPU.Build.0 = Release|Any CPU
		{979A9DDF-0F6C-4920-84CA-3B4F534DA511}.Debug|Any CPU.ActiveCfg = Debug|Any CPU
		{979A9DDF-0F6C-4920-84CA-3B4F534DA511}.Debug|Any CPU.Build.0 = Debug|Any CPU
		{979A9DDF-0F6C-4920-84CA-3B4F534DA511}.Release|Any CPU.ActiveCfg = Release|Any CPU
		{979A9DDF-0F6C-4920-84CA-3B4F534DA511}.Release|Any CPU.Build.0 = Release|Any CPU
		{44BB615B-CEE6-48CE-B16F-A1CAA019235A}.Debug|Any CPU.ActiveCfg = Debug|Any CPU
		{44BB615B-CEE6-48CE-B16F-A1CAA019235A}.Debug|Any CPU.Build.0 = Debug|Any CPU
		{44BB615B-CEE6-48CE-B16F-A1CAA019235A}.Release|Any CPU.ActiveCfg = Release|Any CPU
		{44BB615B-CEE6-48CE-B16F-A1CAA019235A}.Release|Any CPU.Build.0 = Release|Any CPU
	EndGlobalSection
	GlobalSection(SolutionProperties) = preSolution
		HideSolutionNode = FALSE
	EndGlobalSection
EndGlobal
