
Microsoft Visual Studio Solution File, Format Version 10.00
# Visual Studio 2008
Project("{FAE04EC0-301F-11D3-BF4B-00C04F79EFBC}") = "Rhino.Queues", "Rhino.Queues\Rhino.Queues.csproj", "{1630E1EE-B875-481E-84C5-E558E036A788}"
EndProject
Project("{FAE04EC0-301F-11D3-BF4B-00C04F79EFBC}") = "Rhino.Queues.Tests", "Rhino.Queues.Tests\Rhino.Queues.Tests.csproj", "{F8D8D60E-3624-4F05-A003-3C01C3E4550A}"
EndProject
Project("{2150E333-8FDC-42A3-9474-1A3956D46DE8}") = "Samples", "Samples", "{020954F1-52E3-45C3-A76C-9A86B83641A1}"
EndProject
Project("{2150E333-8FDC-42A3-9474-1A3956D46DE8}") = "EchoServer", "EchoServer", "{A4A24114-ED85-4FE2-8DB2-B1FC03885E9C}"
EndProject
Project("{FAE04EC0-301F-11D3-BF4B-00C04F79EFBC}") = "Client", "Samples\EchoServer\Client\Client.csproj", "{90B06B3B-013A-4EF3-8577-7C0825A1C99C}"
EndProject
Project("{FAE04EC0-301F-11D3-BF4B-00C04F79EFBC}") = "Server", "Samples\EchoServer\Server\Server.csproj", "{DC9954BF-E474-49CE-B5CF-2D7BA774D6DB}"
EndProject
Project("{FAE04EC0-301F-11D3-BF4B-00C04F79EFBC}") = "Client", "Samples\Throughput\Client\Client.csproj", "{D3303462-2AF2-4E4C-AA0A-66C9F36FEA1D}"
EndProject
Project("{2150E333-8FDC-42A3-9474-1A3956D46DE8}") = "Throughput", "Throughput", "{D0842CBE-5BB4-4CB7-A1DE-EE850BBCC6F9}"
EndProject
Project("{FAE04EC0-301F-11D3-BF4B-00C04F79EFBC}") = "Server", "Samples\Throughput\Server\Server.csproj", "{2A62AFC3-C58A-4D29-B3B0-28D4B6A61C50}"
EndProject
Project("{FAE04EC0-301F-11D3-BF4B-00C04F79EFBC}") = "BerkeleyDb", "BerkeleyDb\BerkeleyDb.csproj", "{65828F6C-7D61-475E-850C-B380FD04FB7B}"
EndProject
Project("{FAE04EC0-301F-11D3-BF4B-00C04F79EFBC}") = "BerkeleyDb.Tests", "BerkeleyDb.Tests\BerkeleyDb.Tests.csproj", "{8402F93B-018B-4D7C-ACD7-1C1EE8B2770A}"
EndProject
Global
	GlobalSection(SolutionConfigurationPlatforms) = preSolution
		Debug|Any CPU = Debug|Any CPU
		Release|Any CPU = Release|Any CPU
	EndGlobalSection
	GlobalSection(ProjectConfigurationPlatforms) = postSolution
		{1630E1EE-B875-481E-84C5-E558E036A788}.Debug|Any CPU.ActiveCfg = Debug|Any CPU
		{1630E1EE-B875-481E-84C5-E558E036A788}.Debug|Any CPU.Build.0 = Debug|Any CPU
		{1630E1EE-B875-481E-84C5-E558E036A788}.Release|Any CPU.ActiveCfg = Release|Any CPU
		{1630E1EE-B875-481E-84C5-E558E036A788}.Release|Any CPU.Build.0 = Release|Any CPU
		{F8D8D60E-3624-4F05-A003-3C01C3E4550A}.Debug|Any CPU.ActiveCfg = Debug|Any CPU
		{F8D8D60E-3624-4F05-A003-3C01C3E4550A}.Debug|Any CPU.Build.0 = Debug|Any CPU
		{F8D8D60E-3624-4F05-A003-3C01C3E4550A}.Release|Any CPU.ActiveCfg = Release|Any CPU
		{F8D8D60E-3624-4F05-A003-3C01C3E4550A}.Release|Any CPU.Build.0 = Release|Any CPU
		{90B06B3B-013A-4EF3-8577-7C0825A1C99C}.Debug|Any CPU.ActiveCfg = Debug|Any CPU
		{90B06B3B-013A-4EF3-8577-7C0825A1C99C}.Debug|Any CPU.Build.0 = Debug|Any CPU
		{90B06B3B-013A-4EF3-8577-7C0825A1C99C}.Release|Any CPU.ActiveCfg = Release|Any CPU
		{90B06B3B-013A-4EF3-8577-7C0825A1C99C}.Release|Any CPU.Build.0 = Release|Any CPU
		{DC9954BF-E474-49CE-B5CF-2D7BA774D6DB}.Debug|Any CPU.ActiveCfg = Debug|Any CPU
		{DC9954BF-E474-49CE-B5CF-2D7BA774D6DB}.Debug|Any CPU.Build.0 = Debug|Any CPU
		{DC9954BF-E474-49CE-B5CF-2D7BA774D6DB}.Release|Any CPU.ActiveCfg = Release|Any CPU
		{DC9954BF-E474-49CE-B5CF-2D7BA774D6DB}.Release|Any CPU.Build.0 = Release|Any CPU
		{D3303462-2AF2-4E4C-AA0A-66C9F36FEA1D}.Debug|Any CPU.ActiveCfg = Debug|Any CPU
		{D3303462-2AF2-4E4C-AA0A-66C9F36FEA1D}.Debug|Any CPU.Build.0 = Debug|Any CPU
		{D3303462-2AF2-4E4C-AA0A-66C9F36FEA1D}.Release|Any CPU.ActiveCfg = Release|Any CPU
		{D3303462-2AF2-4E4C-AA0A-66C9F36FEA1D}.Release|Any CPU.Build.0 = Release|Any CPU
		{2A62AFC3-C58A-4D29-B3B0-28D4B6A61C50}.Debug|Any CPU.ActiveCfg = Debug|Any CPU
		{2A62AFC3-C58A-4D29-B3B0-28D4B6A61C50}.Debug|Any CPU.Build.0 = Debug|Any CPU
		{2A62AFC3-C58A-4D29-B3B0-28D4B6A61C50}.Release|Any CPU.ActiveCfg = Release|Any CPU
		{2A62AFC3-C58A-4D29-B3B0-28D4B6A61C50}.Release|Any CPU.Build.0 = Release|Any CPU
		{65828F6C-7D61-475E-850C-B380FD04FB7B}.Debug|Any CPU.ActiveCfg = Debug|Any CPU
		{65828F6C-7D61-475E-850C-B380FD04FB7B}.Debug|Any CPU.Build.0 = Debug|Any CPU
		{65828F6C-7D61-475E-850C-B380FD04FB7B}.Release|Any CPU.ActiveCfg = Release|Any CPU
		{65828F6C-7D61-475E-850C-B380FD04FB7B}.Release|Any CPU.Build.0 = Release|Any CPU
		{8402F93B-018B-4D7C-ACD7-1C1EE8B2770A}.Debug|Any CPU.ActiveCfg = Debug|Any CPU
		{8402F93B-018B-4D7C-ACD7-1C1EE8B2770A}.Debug|Any CPU.Build.0 = Debug|Any CPU
		{8402F93B-018B-4D7C-ACD7-1C1EE8B2770A}.Release|Any CPU.ActiveCfg = Release|Any CPU
		{8402F93B-018B-4D7C-ACD7-1C1EE8B2770A}.Release|Any CPU.Build.0 = Release|Any CPU
	EndGlobalSection
	GlobalSection(SolutionProperties) = preSolution
		HideSolutionNode = FALSE
	EndGlobalSection
	GlobalSection(NestedProjects) = preSolution
		{A4A24114-ED85-4FE2-8DB2-B1FC03885E9C} = {020954F1-52E3-45C3-A76C-9A86B83641A1}
		{D0842CBE-5BB4-4CB7-A1DE-EE850BBCC6F9} = {020954F1-52E3-45C3-A76C-9A86B83641A1}
		{90B06B3B-013A-4EF3-8577-7C0825A1C99C} = {A4A24114-ED85-4FE2-8DB2-B1FC03885E9C}
		{DC9954BF-E474-49CE-B5CF-2D7BA774D6DB} = {A4A24114-ED85-4FE2-8DB2-B1FC03885E9C}
		{D3303462-2AF2-4E4C-AA0A-66C9F36FEA1D} = {D0842CBE-5BB4-4CB7-A1DE-EE850BBCC6F9}
		{2A62AFC3-C58A-4D29-B3B0-28D4B6A61C50} = {D0842CBE-5BB4-4CB7-A1DE-EE850BBCC6F9}
	EndGlobalSection
EndGlobal
