
Microsoft Visual Studio Solution File, Format Version 10.00
# Visual Studio 2008
Project("{FAE04EC0-301F-11D3-BF4B-00C04F79EFBC}") = "Rhino.Queues", "Rhino.Queues\Rhino.Queues.csproj", "{BED8A741-05EF-4FBD-92F7-98CE93BE85D0}"
EndProject
Project("{FAE04EC0-301F-11D3-BF4B-00C04F79EFBC}") = "Rhino.Queues.Tests", "Rhino.Queues.Tests\Rhino.Queues.Tests.csproj", "{F7D2DFBB-370E-40B9-8EFC-02CBF3CBE52D}"
EndProject
Global
	GlobalSection(SolutionConfigurationPlatforms) = preSolution
		Debug|Any CPU = Debug|Any CPU
		Release|Any CPU = Release|Any CPU
	EndGlobalSection
	GlobalSection(ProjectConfigurationPlatforms) = postSolution
		{BED8A741-05EF-4FBD-92F7-98CE93BE85D0}.Debug|Any CPU.ActiveCfg = Debug|Any CPU
		{BED8A741-05EF-4FBD-92F7-98CE93BE85D0}.Debug|Any CPU.Build.0 = Debug|Any CPU
		{BED8A741-05EF-4FBD-92F7-98CE93BE85D0}.Release|Any CPU.ActiveCfg = Release|Any CPU
		{BED8A741-05EF-4FBD-92F7-98CE93BE85D0}.Release|Any CPU.Build.0 = Release|Any CPU
		{F7D2DFBB-370E-40B9-8EFC-02CBF3CBE52D}.Debug|Any CPU.ActiveCfg = Debug|Any CPU
		{F7D2DFBB-370E-40B9-8EFC-02CBF3CBE52D}.Debug|Any CPU.Build.0 = Debug|Any CPU
		{F7D2DFBB-370E-40B9-8EFC-02CBF3CBE52D}.Release|Any CPU.ActiveCfg = Release|Any CPU
		{F7D2DFBB-370E-40B9-8EFC-02CBF3CBE52D}.Release|Any CPU.Build.0 = Release|Any CPU
	EndGlobalSection
	GlobalSection(SolutionProperties) = preSolution
		HideSolutionNode = FALSE
	EndGlobalSection
EndGlobal
