
Microsoft Visual Studio Solution File, Format Version 9.00
# Visual Studio 2005
Project("{FAE04EC0-301F-11D3-BF4B-00C04F79EFBC}") = "HibernatingForums.Model", "HibernatingForums.Model\HibernatingForums.Model.csproj", "{AC846907-A9F0-4EA6-999C-DE40FE52EE85}"
	ProjectSection(WebsiteProperties) = preProject
		Debug.AspNetCompiler.Debug = "True"
		Release.AspNetCompiler.Debug = "False"
	EndProjectSection
EndProject
Project("{FAE04EC0-301F-11D3-BF4B-00C04F79EFBC}") = "HibernatingForums.Web", "HibernatingForums.Web\HibernatingForums.Web.csproj", "{2E803FF9-D51A-46C7-B093-DB36B0234C22}"
	ProjectSection(WebsiteProperties) = preProject
		Debug.AspNetCompiler.Debug = "True"
		Release.AspNetCompiler.Debug = "False"
	EndProjectSection
EndProject
Project("{FAE04EC0-301F-11D3-BF4B-00C04F79EFBC}") = "HibernatingForums.Tests", "HibernatingForums.Tests\HibernatingForums.Tests.csproj", "{FA67A3DE-985D-4FAB-99E4-D992FEFC08B3}"
EndProject
Global
	GlobalSection(SolutionConfigurationPlatforms) = preSolution
		Debug|Any CPU = Debug|Any CPU
		Release|Any CPU = Release|Any CPU
	EndGlobalSection
	GlobalSection(ProjectConfigurationPlatforms) = postSolution
		{AC846907-A9F0-4EA6-999C-DE40FE52EE85}.Debug|Any CPU.ActiveCfg = Debug|Any CPU
		{AC846907-A9F0-4EA6-999C-DE40FE52EE85}.Debug|Any CPU.Build.0 = Debug|Any CPU
		{AC846907-A9F0-4EA6-999C-DE40FE52EE85}.Release|Any CPU.ActiveCfg = Release|Any CPU
		{AC846907-A9F0-4EA6-999C-DE40FE52EE85}.Release|Any CPU.Build.0 = Release|Any CPU
		{2E803FF9-D51A-46C7-B093-DB36B0234C22}.Debug|Any CPU.ActiveCfg = Debug|Any CPU
		{2E803FF9-D51A-46C7-B093-DB36B0234C22}.Debug|Any CPU.Build.0 = Debug|Any CPU
		{2E803FF9-D51A-46C7-B093-DB36B0234C22}.Release|Any CPU.ActiveCfg = Release|Any CPU
		{2E803FF9-D51A-46C7-B093-DB36B0234C22}.Release|Any CPU.Build.0 = Release|Any CPU
		{FA67A3DE-985D-4FAB-99E4-D992FEFC08B3}.Debug|Any CPU.ActiveCfg = Debug|Any CPU
		{FA67A3DE-985D-4FAB-99E4-D992FEFC08B3}.Debug|Any CPU.Build.0 = Debug|Any CPU
		{FA67A3DE-985D-4FAB-99E4-D992FEFC08B3}.Release|Any CPU.ActiveCfg = Release|Any CPU
		{FA67A3DE-985D-4FAB-99E4-D992FEFC08B3}.Release|Any CPU.Build.0 = Release|Any CPU
	EndGlobalSection
	GlobalSection(SolutionProperties) = preSolution
		HideSolutionNode = FALSE
	EndGlobalSection
EndGlobal
