
Microsoft Visual Studio Solution File, Format Version 10.00
# Visual Studio 2008
Project("{FAE04EC0-301F-11D3-BF4B-00C04F79EFBC}") = "Blog.Model", "Blog.Model\Blog.Model.csproj", "{2DF19353-64F8-4E26-9F43-3074994F03D3}"
EndProject
Project("{FAE04EC0-301F-11D3-BF4B-00C04F79EFBC}") = "Blog.Shell", "Blog.Shell\Blog.Shell.csproj", "{C7D66F70-DD13-40B7-9BF6-7E940851E508}"
EndProject
Project("{2150E333-8FDC-42A3-9474-1A3956D46DE8}") = "Framework", "Framework", "{22843EEE-BD54-4AD8-AE1B-887AD4144E19}"
EndProject
Project("{FAE04EC0-301F-11D3-BF4B-00C04F79EFBC}") = "Binsor.Presentation.Framework", "Binsor.Presentation.Framework\Binsor.Presentation.Framework.csproj", "{010E3DAB-FB44-4CB4-BB54-7D3DBD074F94}"
EndProject
Project("{FAE04EC0-301F-11D3-BF4B-00C04F79EFBC}") = "Binsor.Presentation.Framework.Tests", "Binsor.Presentation.Framework.Tests\Binsor.Presentation.Framework.Tests.csproj", "{A16411A3-2982-4C18-9188-C970C9A03B72}"
EndProject
Project("{FAE04EC0-301F-11D3-BF4B-00C04F79EFBC}") = "Blog.Header", "Blog.Header\Blog.Header.csproj", "{01E77968-FE79-41B6-8993-95C8BAF65B98}"
EndProject
Project("{FAE04EC0-301F-11D3-BF4B-00C04F79EFBC}") = "Blog.MainContent", "Blog.MainContent\Blog.MainContent.csproj", "{6728C966-EAFA-4F12-B4D6-F187050C1B52}"
EndProject
Project("{FAE04EC0-301F-11D3-BF4B-00C04F79EFBC}") = "Blog.Footer", "Blog.Footer\Blog.Footer.csproj", "{5032E3CE-9ED2-4CEC-8532-6BDCCAEE3407}"
EndProject
Global
	GlobalSection(SolutionConfigurationPlatforms) = preSolution
		Debug|Any CPU = Debug|Any CPU
		Release|Any CPU = Release|Any CPU
	EndGlobalSection
	GlobalSection(ProjectConfigurationPlatforms) = postSolution
		{2DF19353-64F8-4E26-9F43-3074994F03D3}.Debug|Any CPU.ActiveCfg = Debug|Any CPU
		{2DF19353-64F8-4E26-9F43-3074994F03D3}.Debug|Any CPU.Build.0 = Debug|Any CPU
		{2DF19353-64F8-4E26-9F43-3074994F03D3}.Release|Any CPU.ActiveCfg = Release|Any CPU
		{2DF19353-64F8-4E26-9F43-3074994F03D3}.Release|Any CPU.Build.0 = Release|Any CPU
		{C7D66F70-DD13-40B7-9BF6-7E940851E508}.Debug|Any CPU.ActiveCfg = Debug|Any CPU
		{C7D66F70-DD13-40B7-9BF6-7E940851E508}.Debug|Any CPU.Build.0 = Debug|Any CPU
		{C7D66F70-DD13-40B7-9BF6-7E940851E508}.Release|Any CPU.ActiveCfg = Release|Any CPU
		{C7D66F70-DD13-40B7-9BF6-7E940851E508}.Release|Any CPU.Build.0 = Release|Any CPU
		{010E3DAB-FB44-4CB4-BB54-7D3DBD074F94}.Debug|Any CPU.ActiveCfg = Debug|Any CPU
		{010E3DAB-FB44-4CB4-BB54-7D3DBD074F94}.Debug|Any CPU.Build.0 = Debug|Any CPU
		{010E3DAB-FB44-4CB4-BB54-7D3DBD074F94}.Release|Any CPU.ActiveCfg = Release|Any CPU
		{010E3DAB-FB44-4CB4-BB54-7D3DBD074F94}.Release|Any CPU.Build.0 = Release|Any CPU
		{A16411A3-2982-4C18-9188-C970C9A03B72}.Debug|Any CPU.ActiveCfg = Debug|Any CPU
		{A16411A3-2982-4C18-9188-C970C9A03B72}.Debug|Any CPU.Build.0 = Debug|Any CPU
		{A16411A3-2982-4C18-9188-C970C9A03B72}.Release|Any CPU.ActiveCfg = Release|Any CPU
		{A16411A3-2982-4C18-9188-C970C9A03B72}.Release|Any CPU.Build.0 = Release|Any CPU
		{01E77968-FE79-41B6-8993-95C8BAF65B98}.Debug|Any CPU.ActiveCfg = Debug|Any CPU
		{01E77968-FE79-41B6-8993-95C8BAF65B98}.Debug|Any CPU.Build.0 = Debug|Any CPU
		{01E77968-FE79-41B6-8993-95C8BAF65B98}.Release|Any CPU.ActiveCfg = Release|Any CPU
		{01E77968-FE79-41B6-8993-95C8BAF65B98}.Release|Any CPU.Build.0 = Release|Any CPU
		{6728C966-EAFA-4F12-B4D6-F187050C1B52}.Debug|Any CPU.ActiveCfg = Debug|Any CPU
		{6728C966-EAFA-4F12-B4D6-F187050C1B52}.Debug|Any CPU.Build.0 = Debug|Any CPU
		{6728C966-EAFA-4F12-B4D6-F187050C1B52}.Release|Any CPU.ActiveCfg = Release|Any CPU
		{6728C966-EAFA-4F12-B4D6-F187050C1B52}.Release|Any CPU.Build.0 = Release|Any CPU
		{5032E3CE-9ED2-4CEC-8532-6BDCCAEE3407}.Debug|Any CPU.ActiveCfg = Debug|Any CPU
		{5032E3CE-9ED2-4CEC-8532-6BDCCAEE3407}.Debug|Any CPU.Build.0 = Debug|Any CPU
		{5032E3CE-9ED2-4CEC-8532-6BDCCAEE3407}.Release|Any CPU.ActiveCfg = Release|Any CPU
		{5032E3CE-9ED2-4CEC-8532-6BDCCAEE3407}.Release|Any CPU.Build.0 = Release|Any CPU
	EndGlobalSection
	GlobalSection(SolutionProperties) = preSolution
		HideSolutionNode = FALSE
	EndGlobalSection
	GlobalSection(NestedProjects) = preSolution
		{010E3DAB-FB44-4CB4-BB54-7D3DBD074F94} = {22843EEE-BD54-4AD8-AE1B-887AD4144E19}
		{A16411A3-2982-4C18-9188-C970C9A03B72} = {22843EEE-BD54-4AD8-AE1B-887AD4144E19}
	EndGlobalSection
EndGlobal
