
Microsoft Visual Studio Solution File, Format Version 10.00
# Visual Studio 2008
Project("{FAE04EC0-301F-11D3-BF4B-00C04F79EFBC}") = "BlogCode", "BlogCode\BlogCode.csproj", "{F8DA012B-5FF1-45B4-9540-A89BE81E8BDB}"
EndProject
Global
	GlobalSection(SolutionConfigurationPlatforms) = preSolution
		Debug|Any CPU = Debug|Any CPU
		Release|Any CPU = Release|Any CPU
	EndGlobalSection
	GlobalSection(ProjectConfigurationPlatforms) = postSolution
		{F8DA012B-5FF1-45B4-9540-A89BE81E8BDB}.Debug|Any CPU.ActiveCfg = Debug|Any CPU
		{F8DA012B-5FF1-45B4-9540-A89BE81E8BDB}.Debug|Any CPU.Build.0 = Debug|Any CPU
		{F8DA012B-5FF1-45B4-9540-A89BE81E8BDB}.Release|Any CPU.ActiveCfg = Release|Any CPU
		{F8DA012B-5FF1-45B4-9540-A89BE81E8BDB}.Release|Any CPU.Build.0 = Release|Any CPU
	EndGlobalSection
	GlobalSection(SolutionProperties) = preSolution
		HideSolutionNode = FALSE
	EndGlobalSection
EndGlobal
