
Microsoft Visual Studio Solution File, Format Version 9.00
# Visual Studio 2005
Project("{FAE04EC0-301F-11D3-BF4B-00C04F79EFBC}") = "Rhino.Igloo", "Rhino.Igloo\Rhino.Igloo.csproj", "{D8B481B1-229C-49BF-BCAA-E61EA23EEDBC}"
EndProject
Global
	GlobalSection(SolutionConfigurationPlatforms) = preSolution
		Debug|Any CPU = Debug|Any CPU
		Release|Any CPU = Release|Any CPU
		Start|Any CPU = Start|Any CPU
	EndGlobalSection
	GlobalSection(ProjectConfigurationPlatforms) = postSolution
		{D8B481B1-229C-49BF-BCAA-E61EA23EEDBC}.Debug|Any CPU.ActiveCfg = Debug|Any CPU
		{D8B481B1-229C-49BF-BCAA-E61EA23EEDBC}.Debug|Any CPU.Build.0 = Debug|Any CPU
		{D8B481B1-229C-49BF-BCAA-E61EA23EEDBC}.Release|Any CPU.ActiveCfg = Release|Any CPU
		{D8B481B1-229C-49BF-BCAA-E61EA23EEDBC}.Release|Any CPU.Build.0 = Release|Any CPU
		{D8B481B1-229C-49BF-BCAA-E61EA23EEDBC}.Start|Any CPU.ActiveCfg = Release|Any CPU
		{D8B481B1-229C-49BF-BCAA-E61EA23EEDBC}.Start|Any CPU.Build.0 = Release|Any CPU
	EndGlobalSection
	GlobalSection(SolutionProperties) = preSolution
		HideSolutionNode = FALSE
	EndGlobalSection
EndGlobal
