Microsoft Visual Studio Solution File, Format Version 9.00
# Visual Studio 2005
Project("{FAE04EC0-301F-11D3-BF4B-00C04F79EFBC}") = "NHibernate.Generics", "NHibernate.Generics\NHibernate.Generics.csproj", "{07536C48-A3F6-413C-B9C5-595905967242}"
EndProject
Project("{FAE04EC0-301F-11D3-BF4B-00C04F79EFBC}") = "NHibernate.Generics.Tests", "NHibernate.Generics.Tests\NHibernate.Generics.Tests.csproj", "{13B0F99E-BEBA-4F7A-A62E-20AEF3A8C824}"
EndProject
Global
	GlobalSection(SolutionConfigurationPlatforms) = preSolution
		Debug|Any CPU = Debug|Any CPU
		Release|Any CPU = Release|Any CPU
	EndGlobalSection
	GlobalSection(ProjectConfigurationPlatforms) = postSolution
		{07536C48-A3F6-413C-B9C5-595905967242}.Debug|Any CPU.ActiveCfg = Debug|Any CPU
		{07536C48-A3F6-413C-B9C5-595905967242}.Debug|Any CPU.Build.0 = Debug|Any CPU
		{07536C48-A3F6-413C-B9C5-595905967242}.Release|Any CPU.ActiveCfg = Release|Any CPU
		{07536C48-A3F6-413C-B9C5-595905967242}.Release|Any CPU.Build.0 = Release|Any CPU
		{13B0F99E-BEBA-4F7A-A62E-20AEF3A8C824}.Debug|Any CPU.ActiveCfg = Debug|Any CPU
		{13B0F99E-BEBA-4F7A-A62E-20AEF3A8C824}.Debug|Any CPU.Build.0 = Debug|Any CPU
		{13B0F99E-BEBA-4F7A-A62E-20AEF3A8C824}.Release|Any CPU.ActiveCfg = Release|Any CPU
		{13B0F99E-BEBA-4F7A-A62E-20AEF3A8C824}.Release|Any CPU.Build.0 = Release|Any CPU
	EndGlobalSection
	GlobalSection(SolutionProperties) = preSolution
		HideSolutionNode = FALSE
	EndGlobalSection
	GlobalSection(DPCodeReviewSolutionGUID) = preSolution
		DPCodeReviewSolutionGUID = {00000000-0000-0000-0000-000000000000}
	EndGlobalSection
EndGlobal
