
Microsoft Visual Studio Solution File, Format Version 10.00
# Visual Studio 2008
Project("{2150E333-8FDC-42A3-9474-1A3956D46DE8}") = "AdaptiveModel", "AdaptiveModel", "{E3AEFC4D-FD74-470C-8413-437065EA9ECA}"
EndProject
Project("{2150E333-8FDC-42A3-9474-1A3956D46DE8}") = "MultiTenancy 1", "MultiTenancy 1", "{60B2532F-9933-416F-9679-B3D1750BBA8A}"
EndProject
Project("{FAE04EC0-301F-11D3-BF4B-00C04F79EFBC}") = "MultiTenancy.Host", "MultiTenancy 1\MultiTenancy.Host\MultiTenancy.Host.csproj", "{FD6CEFDC-D733-49C1-BD06-A094C859B729}"
EndProject
Project("{FAE04EC0-301F-11D3-BF4B-00C04F79EFBC}") = "HumanResources.Model", "MultiTenancy 1\HumanResources.Model\HumanResources.Model.csproj", "{74387F25-C598-47CF-B284-87B50B341F5A}"
EndProject
Project("{FAE04EC0-301F-11D3-BF4B-00C04F79EFBC}") = "AccountingPackage", "AdaptiveModel\AccountingPackage\AccountingPackage.csproj", "{4BD082D4-6150-4603-9E65-57E6A6DF21EF}"
EndProject
Project("{FAE04EC0-301F-11D3-BF4B-00C04F79EFBC}") = "AdaptiveModelHost", "AdaptiveModel\AdaptiveModelHost\AdaptiveModelHost.csproj", "{B2CD1F31-F64B-44DC-99E0-8E9AF6EFE013}"
EndProject
Project("{FAE04EC0-301F-11D3-BF4B-00C04F79EFBC}") = "CustomerCareModule", "AdaptiveModel\CustomerCareModule\CustomerCareModule.csproj", "{46F5650A-D224-4B56-93CF-37B871FD47A7}"
EndProject
Project("{FAE04EC0-301F-11D3-BF4B-00C04F79EFBC}") = "HelpDeskPackage", "AdaptiveModel\HelpDeskPackage\HelpDeskPackage.csproj", "{C7E593A4-8FCD-4876-A0E2-D82E077A7BC7}"
EndProject
Project("{FAE04EC0-301F-11D3-BF4B-00C04F79EFBC}") = "Interfaces", "AdaptiveModel\Interfaces\Interfaces.csproj", "{03051193-0D57-43EE-9FBF-95129B04D963}"
EndProject
Project("{2150E333-8FDC-42A3-9474-1A3956D46DE8}") = "MultiTenancy 2", "MultiTenancy 2", "{309BC744-6C63-41D8-A6EB-A57C6BBB8AF8}"
EndProject
Project("{FAE04EC0-301F-11D3-BF4B-00C04F79EFBC}") = "MultiTenancy.Host", "MultiTenancy 2\MultiTenancy.Host\MultiTenancy.Host.csproj", "{B1BF3FBB-DDA3-4C67-B5AC-98318078EB36}"
EndProject
Project("{FAE04EC0-301F-11D3-BF4B-00C04F79EFBC}") = "HumanResources.Model", "MultiTenancy 2\HumanResources.Model\HumanResources.Model.csproj", "{9F02B8A6-FFE9-409B-B979-0E70B11EBD50}"
EndProject
Project("{FAE04EC0-301F-11D3-BF4B-00C04F79EFBC}") = "Util", "Util\Util.csproj", "{40F8EF4D-D391-413B-8F6D-5DEB076B36D0}"
EndProject
Project("{2150E333-8FDC-42A3-9474-1A3956D46DE8}") = "MultiTenancy 3", "MultiTenancy 3", "{29578364-C3F6-4EAE-9C0E-5C55121D58C5}"
EndProject
Project("{FAE04EC0-301F-11D3-BF4B-00C04F79EFBC}") = "MultiTenancy.Host", "MultiTenancy 3\MultiTenancy.Host\MultiTenancy.Host.csproj", "{106699A2-6D80-4344-AF13-42E843E93864}"
EndProject
Project("{FAE04EC0-301F-11D3-BF4B-00C04F79EFBC}") = "HumanResources.Model", "MultiTenancy 3\HumanResources.Model\HumanResources.Model.csproj", "{BF1616DA-5489-447C-AB3D-6A06C4B9AB80}"
EndProject
Project("{FAE04EC0-301F-11D3-BF4B-00C04F79EFBC}") = "HumanResources.Northwind", "MultiTenancy 2\HumanResources.Northwind\HumanResources.Northwind.csproj", "{F21092AF-E260-444E-B2FA-E7C07D00DDF6}"
EndProject
Project("{FAE04EC0-301F-11D3-BF4B-00C04F79EFBC}") = "HumanResources.Northwind", "MultiTenancy 3\HumanResources.Northwind\HumanResources.Northwind.csproj", "{9BFB81D0-48B2-47CB-8A32-CC1941C19013}"
EndProject
Project("{2150E333-8FDC-42A3-9474-1A3956D46DE8}") = "Futures", "Futures", "{4D84E3E3-5A36-473E-9ACB-E843936F5627}"
EndProject
Project("{FAE04EC0-301F-11D3-BF4B-00C04F79EFBC}") = "HumanResources.Model", "Futures\HumanResources.Model\HumanResources.Model.csproj", "{ED0A48A5-706F-4466-AA30-A88136F895AB}"
EndProject
Project("{FAE04EC0-301F-11D3-BF4B-00C04F79EFBC}") = "Futures.Host", "Futures\Futures.Host\Futures.Host.csproj", "{F05AC2AA-BB8A-4825-B45E-EFABB3B1FCB0}"
EndProject
Project("{2150E333-8FDC-42A3-9474-1A3956D46DE8}") = "Security", "Security", "{D8328605-CC65-411F-AC67-991E019CD675}"
EndProject
Project("{FAE04EC0-301F-11D3-BF4B-00C04F79EFBC}") = "Security.Host", "Security\Security.Host\Security.Host.csproj", "{9BD3E3E9-B649-481C-8D0F-B938F2C1ADBA}"
EndProject
Project("{FAE04EC0-301F-11D3-BF4B-00C04F79EFBC}") = "HumanResources.Model", "Security\HumanResources.Model\HumanResources.Model.csproj", "{B4D74CE2-980A-41DF-9840-C2702F255D76}"
EndProject
Global
	GlobalSection(SolutionConfigurationPlatforms) = preSolution
		Debug|Any CPU = Debug|Any CPU
		Release|Any CPU = Release|Any CPU
	EndGlobalSection
	GlobalSection(ProjectConfigurationPlatforms) = postSolution
		{FD6CEFDC-D733-49C1-BD06-A094C859B729}.Debug|Any CPU.ActiveCfg = Debug|Any CPU
		{FD6CEFDC-D733-49C1-BD06-A094C859B729}.Debug|Any CPU.Build.0 = Debug|Any CPU
		{FD6CEFDC-D733-49C1-BD06-A094C859B729}.Release|Any CPU.ActiveCfg = Release|Any CPU
		{FD6CEFDC-D733-49C1-BD06-A094C859B729}.Release|Any CPU.Build.0 = Release|Any CPU
		{74387F25-C598-47CF-B284-87B50B341F5A}.Debug|Any CPU.ActiveCfg = Debug|Any CPU
		{74387F25-C598-47CF-B284-87B50B341F5A}.Debug|Any CPU.Build.0 = Debug|Any CPU
		{74387F25-C598-47CF-B284-87B50B341F5A}.Release|Any CPU.ActiveCfg = Release|Any CPU
		{74387F25-C598-47CF-B284-87B50B341F5A}.Release|Any CPU.Build.0 = Release|Any CPU
		{4BD082D4-6150-4603-9E65-57E6A6DF21EF}.Debug|Any CPU.ActiveCfg = Debug|Any CPU
		{4BD082D4-6150-4603-9E65-57E6A6DF21EF}.Debug|Any CPU.Build.0 = Debug|Any CPU
		{4BD082D4-6150-4603-9E65-57E6A6DF21EF}.Release|Any CPU.ActiveCfg = Release|Any CPU
		{4BD082D4-6150-4603-9E65-57E6A6DF21EF}.Release|Any CPU.Build.0 = Release|Any CPU
		{B2CD1F31-F64B-44DC-99E0-8E9AF6EFE013}.Debug|Any CPU.ActiveCfg = Debug|Any CPU
		{B2CD1F31-F64B-44DC-99E0-8E9AF6EFE013}.Debug|Any CPU.Build.0 = Debug|Any CPU
		{B2CD1F31-F64B-44DC-99E0-8E9AF6EFE013}.Release|Any CPU.ActiveCfg = Release|Any CPU
		{B2CD1F31-F64B-44DC-99E0-8E9AF6EFE013}.Release|Any CPU.Build.0 = Release|Any CPU
		{46F5650A-D224-4B56-93CF-37B871FD47A7}.Debug|Any CPU.ActiveCfg = Debug|Any CPU
		{46F5650A-D224-4B56-93CF-37B871FD47A7}.Debug|Any CPU.Build.0 = Debug|Any CPU
		{46F5650A-D224-4B56-93CF-37B871FD47A7}.Release|Any CPU.ActiveCfg = Release|Any CPU
		{46F5650A-D224-4B56-93CF-37B871FD47A7}.Release|Any CPU.Build.0 = Release|Any CPU
		{C7E593A4-8FCD-4876-A0E2-D82E077A7BC7}.Debug|Any CPU.ActiveCfg = Debug|Any CPU
		{C7E593A4-8FCD-4876-A0E2-D82E077A7BC7}.Debug|Any CPU.Build.0 = Debug|Any CPU
		{C7E593A4-8FCD-4876-A0E2-D82E077A7BC7}.Release|Any CPU.ActiveCfg = Release|Any CPU
		{C7E593A4-8FCD-4876-A0E2-D82E077A7BC7}.Release|Any CPU.Build.0 = Release|Any CPU
		{03051193-0D57-43EE-9FBF-95129B04D963}.Debug|Any CPU.ActiveCfg = Debug|Any CPU
		{03051193-0D57-43EE-9FBF-95129B04D963}.Debug|Any CPU.Build.0 = Debug|Any CPU
		{03051193-0D57-43EE-9FBF-95129B04D963}.Release|Any CPU.ActiveCfg = Release|Any CPU
		{03051193-0D57-43EE-9FBF-95129B04D963}.Release|Any CPU.Build.0 = Release|Any CPU
		{B1BF3FBB-DDA3-4C67-B5AC-98318078EB36}.Debug|Any CPU.ActiveCfg = Debug|Any CPU
		{B1BF3FBB-DDA3-4C67-B5AC-98318078EB36}.Debug|Any CPU.Build.0 = Debug|Any CPU
		{B1BF3FBB-DDA3-4C67-B5AC-98318078EB36}.Release|Any CPU.ActiveCfg = Release|Any CPU
		{B1BF3FBB-DDA3-4C67-B5AC-98318078EB36}.Release|Any CPU.Build.0 = Release|Any CPU
		{9F02B8A6-FFE9-409B-B979-0E70B11EBD50}.Debug|Any CPU.ActiveCfg = Debug|Any CPU
		{9F02B8A6-FFE9-409B-B979-0E70B11EBD50}.Debug|Any CPU.Build.0 = Debug|Any CPU
		{9F02B8A6-FFE9-409B-B979-0E70B11EBD50}.Release|Any CPU.ActiveCfg = Release|Any CPU
		{9F02B8A6-FFE9-409B-B979-0E70B11EBD50}.Release|Any CPU.Build.0 = Release|Any CPU
		{40F8EF4D-D391-413B-8F6D-5DEB076B36D0}.Debug|Any CPU.ActiveCfg = Debug|Any CPU
		{40F8EF4D-D391-413B-8F6D-5DEB076B36D0}.Debug|Any CPU.Build.0 = Debug|Any CPU
		{40F8EF4D-D391-413B-8F6D-5DEB076B36D0}.Release|Any CPU.ActiveCfg = Release|Any CPU
		{40F8EF4D-D391-413B-8F6D-5DEB076B36D0}.Release|Any CPU.Build.0 = Release|Any CPU
		{106699A2-6D80-4344-AF13-42E843E93864}.Debug|Any CPU.ActiveCfg = Debug|Any CPU
		{106699A2-6D80-4344-AF13-42E843E93864}.Debug|Any CPU.Build.0 = Debug|Any CPU
		{106699A2-6D80-4344-AF13-42E843E93864}.Release|Any CPU.ActiveCfg = Release|Any CPU
		{106699A2-6D80-4344-AF13-42E843E93864}.Release|Any CPU.Build.0 = Release|Any CPU
		{BF1616DA-5489-447C-AB3D-6A06C4B9AB80}.Debug|Any CPU.ActiveCfg = Debug|Any CPU
		{BF1616DA-5489-447C-AB3D-6A06C4B9AB80}.Debug|Any CPU.Build.0 = Debug|Any CPU
		{BF1616DA-5489-447C-AB3D-6A06C4B9AB80}.Release|Any CPU.ActiveCfg = Release|Any CPU
		{BF1616DA-5489-447C-AB3D-6A06C4B9AB80}.Release|Any CPU.Build.0 = Release|Any CPU
		{F21092AF-E260-444E-B2FA-E7C07D00DDF6}.Debug|Any CPU.ActiveCfg = Debug|Any CPU
		{F21092AF-E260-444E-B2FA-E7C07D00DDF6}.Debug|Any CPU.Build.0 = Debug|Any CPU
		{F21092AF-E260-444E-B2FA-E7C07D00DDF6}.Release|Any CPU.ActiveCfg = Release|Any CPU
		{F21092AF-E260-444E-B2FA-E7C07D00DDF6}.Release|Any CPU.Build.0 = Release|Any CPU
		{9BFB81D0-48B2-47CB-8A32-CC1941C19013}.Debug|Any CPU.ActiveCfg = Debug|Any CPU
		{9BFB81D0-48B2-47CB-8A32-CC1941C19013}.Debug|Any CPU.Build.0 = Debug|Any CPU
		{9BFB81D0-48B2-47CB-8A32-CC1941C19013}.Release|Any CPU.ActiveCfg = Release|Any CPU
		{9BFB81D0-48B2-47CB-8A32-CC1941C19013}.Release|Any CPU.Build.0 = Release|Any CPU
		{ED0A48A5-706F-4466-AA30-A88136F895AB}.Debug|Any CPU.ActiveCfg = Debug|Any CPU
		{ED0A48A5-706F-4466-AA30-A88136F895AB}.Debug|Any CPU.Build.0 = Debug|Any CPU
		{ED0A48A5-706F-4466-AA30-A88136F895AB}.Release|Any CPU.ActiveCfg = Release|Any CPU
		{ED0A48A5-706F-4466-AA30-A88136F895AB}.Release|Any CPU.Build.0 = Release|Any CPU
		{F05AC2AA-BB8A-4825-B45E-EFABB3B1FCB0}.Debug|Any CPU.ActiveCfg = Debug|Any CPU
		{F05AC2AA-BB8A-4825-B45E-EFABB3B1FCB0}.Debug|Any CPU.Build.0 = Debug|Any CPU
		{F05AC2AA-BB8A-4825-B45E-EFABB3B1FCB0}.Release|Any CPU.ActiveCfg = Release|Any CPU
		{F05AC2AA-BB8A-4825-B45E-EFABB3B1FCB0}.Release|Any CPU.Build.0 = Release|Any CPU
		{9BD3E3E9-B649-481C-8D0F-B938F2C1ADBA}.Debug|Any CPU.ActiveCfg = Debug|Any CPU
		{9BD3E3E9-B649-481C-8D0F-B938F2C1ADBA}.Debug|Any CPU.Build.0 = Debug|Any CPU
		{9BD3E3E9-B649-481C-8D0F-B938F2C1ADBA}.Release|Any CPU.ActiveCfg = Release|Any CPU
		{9BD3E3E9-B649-481C-8D0F-B938F2C1ADBA}.Release|Any CPU.Build.0 = Release|Any CPU
		{B4D74CE2-980A-41DF-9840-C2702F255D76}.Debug|Any CPU.ActiveCfg = Debug|Any CPU
		{B4D74CE2-980A-41DF-9840-C2702F255D76}.Debug|Any CPU.Build.0 = Debug|Any CPU
		{B4D74CE2-980A-41DF-9840-C2702F255D76}.Release|Any CPU.ActiveCfg = Release|Any CPU
		{B4D74CE2-980A-41DF-9840-C2702F255D76}.Release|Any CPU.Build.0 = Release|Any CPU
	EndGlobalSection
	GlobalSection(SolutionProperties) = preSolution
		HideSolutionNode = FALSE
	EndGlobalSection
	GlobalSection(NestedProjects) = preSolution
		{4BD082D4-6150-4603-9E65-57E6A6DF21EF} = {E3AEFC4D-FD74-470C-8413-437065EA9ECA}
		{B2CD1F31-F64B-44DC-99E0-8E9AF6EFE013} = {E3AEFC4D-FD74-470C-8413-437065EA9ECA}
		{46F5650A-D224-4B56-93CF-37B871FD47A7} = {E3AEFC4D-FD74-470C-8413-437065EA9ECA}
		{C7E593A4-8FCD-4876-A0E2-D82E077A7BC7} = {E3AEFC4D-FD74-470C-8413-437065EA9ECA}
		{03051193-0D57-43EE-9FBF-95129B04D963} = {E3AEFC4D-FD74-470C-8413-437065EA9ECA}
		{FD6CEFDC-D733-49C1-BD06-A094C859B729} = {60B2532F-9933-416F-9679-B3D1750BBA8A}
		{74387F25-C598-47CF-B284-87B50B341F5A} = {60B2532F-9933-416F-9679-B3D1750BBA8A}
		{B1BF3FBB-DDA3-4C67-B5AC-98318078EB36} = {309BC744-6C63-41D8-A6EB-A57C6BBB8AF8}
		{9F02B8A6-FFE9-409B-B979-0E70B11EBD50} = {309BC744-6C63-41D8-A6EB-A57C6BBB8AF8}
		{F21092AF-E260-444E-B2FA-E7C07D00DDF6} = {309BC744-6C63-41D8-A6EB-A57C6BBB8AF8}
		{106699A2-6D80-4344-AF13-42E843E93864} = {29578364-C3F6-4EAE-9C0E-5C55121D58C5}
		{BF1616DA-5489-447C-AB3D-6A06C4B9AB80} = {29578364-C3F6-4EAE-9C0E-5C55121D58C5}
		{9BFB81D0-48B2-47CB-8A32-CC1941C19013} = {29578364-C3F6-4EAE-9C0E-5C55121D58C5}
		{ED0A48A5-706F-4466-AA30-A88136F895AB} = {4D84E3E3-5A36-473E-9ACB-E843936F5627}
		{F05AC2AA-BB8A-4825-B45E-EFABB3B1FCB0} = {4D84E3E3-5A36-473E-9ACB-E843936F5627}
		{9BD3E3E9-B649-481C-8D0F-B938F2C1ADBA} = {D8328605-CC65-411F-AC67-991E019CD675}
		{B4D74CE2-980A-41DF-9840-C2702F255D76} = {D8328605-CC65-411F-AC67-991E019CD675}
	EndGlobalSection
EndGlobal
