
Microsoft Visual Studio Solution File, Format Version 9.00
# Visual Studio 2005
Project("{FAE04EC0-301F-11D3-BF4B-00C04F79EFBC}") = "BDSLiB", "BDSLiB\BDSLiB.csproj", "{0E99CBED-91A9-4380-B194-BCB9EC304B0D}"
EndProject
Project("{FAE04EC0-301F-11D3-BF4B-00C04F79EFBC}") = "BDSLiB.EndPoints", "BDSLiB.EndPoints\BDSLiB.EndPoints.csproj", "{E9B0AB24-FAF9-4000-86A2-E25A1018A248}"
EndProject
Project("{FAE04EC0-301F-11D3-BF4B-00C04F79EFBC}") = "BDSLiB.JsonMessagePoster", "BDSLiB.JsonMessagePoster\BDSLiB.JsonMessagePoster.csproj", "{B8BEF432-B37D-4749-A6A3-4DC5E2D394EA}"
EndProject
Project("{FAE04EC0-301F-11D3-BF4B-00C04F79EFBC}") = "BDSLiB.QuoteGeneration.UserInterface", "BDSLiB.QuoteGeneration.UserInterface\BDSLiB.QuoteGeneration.UserInterface.csproj", "{D57F6C9A-074E-4E75-A172-F45B232510F8}"
EndProject
Project("{FAE04EC0-301F-11D3-BF4B-00C04F79EFBC}") = "Authorization.Playground", "Authorization.Playground\Authorization.Playground.csproj", "{08011452-27B0-4D82-B1AB-CCAC8B5411B7}"
EndProject
Project("{2150E333-8FDC-42A3-9474-1A3956D46DE8}") = "Playgrounds", "Playgrounds", "{4AE467F1-29C3-410F-8BD3-F7D62307BA1B}"
EndProject
Project("{2150E333-8FDC-42A3-9474-1A3956D46DE8}") = "UserInterfaces", "UserInterfaces", "{9430F9CB-B158-4507-A585-ED728769EAA8}"
EndProject
Project("{FAE04EC0-301F-11D3-BF4B-00C04F79EFBC}") = "QuoteGeneration.Playground", "QuoteGeneration.Playground\QuoteGeneration.Playground.csproj", "{515EAF8A-088A-4F6C-8485-EA304B9F02CB}"
EndProject
Global
	GlobalSection(SolutionConfigurationPlatforms) = preSolution
		Debug|Any CPU = Debug|Any CPU
		Release|Any CPU = Release|Any CPU
	EndGlobalSection
	GlobalSection(ProjectConfigurationPlatforms) = postSolution
		{0E99CBED-91A9-4380-B194-BCB9EC304B0D}.Debug|Any CPU.ActiveCfg = Debug|Any CPU
		{0E99CBED-91A9-4380-B194-BCB9EC304B0D}.Debug|Any CPU.Build.0 = Debug|Any CPU
		{0E99CBED-91A9-4380-B194-BCB9EC304B0D}.Release|Any CPU.ActiveCfg = Release|Any CPU
		{0E99CBED-91A9-4380-B194-BCB9EC304B0D}.Release|Any CPU.Build.0 = Release|Any CPU
		{E9B0AB24-FAF9-4000-86A2-E25A1018A248}.Debug|Any CPU.ActiveCfg = Debug|Any CPU
		{E9B0AB24-FAF9-4000-86A2-E25A1018A248}.Debug|Any CPU.Build.0 = Debug|Any CPU
		{E9B0AB24-FAF9-4000-86A2-E25A1018A248}.Release|Any CPU.ActiveCfg = Release|Any CPU
		{E9B0AB24-FAF9-4000-86A2-E25A1018A248}.Release|Any CPU.Build.0 = Release|Any CPU
		{B8BEF432-B37D-4749-A6A3-4DC5E2D394EA}.Debug|Any CPU.ActiveCfg = Debug|Any CPU
		{B8BEF432-B37D-4749-A6A3-4DC5E2D394EA}.Debug|Any CPU.Build.0 = Debug|Any CPU
		{B8BEF432-B37D-4749-A6A3-4DC5E2D394EA}.Release|Any CPU.ActiveCfg = Release|Any CPU
		{B8BEF432-B37D-4749-A6A3-4DC5E2D394EA}.Release|Any CPU.Build.0 = Release|Any CPU
		{D57F6C9A-074E-4E75-A172-F45B232510F8}.Debug|Any CPU.ActiveCfg = Debug|Any CPU
		{D57F6C9A-074E-4E75-A172-F45B232510F8}.Debug|Any CPU.Build.0 = Debug|Any CPU
		{D57F6C9A-074E-4E75-A172-F45B232510F8}.Release|Any CPU.ActiveCfg = Release|Any CPU
		{D57F6C9A-074E-4E75-A172-F45B232510F8}.Release|Any CPU.Build.0 = Release|Any CPU
		{08011452-27B0-4D82-B1AB-CCAC8B5411B7}.Debug|Any CPU.ActiveCfg = Debug|Any CPU
		{08011452-27B0-4D82-B1AB-CCAC8B5411B7}.Debug|Any CPU.Build.0 = Debug|Any CPU
		{08011452-27B0-4D82-B1AB-CCAC8B5411B7}.Release|Any CPU.ActiveCfg = Release|Any CPU
		{08011452-27B0-4D82-B1AB-CCAC8B5411B7}.Release|Any CPU.Build.0 = Release|Any CPU
		{515EAF8A-088A-4F6C-8485-EA304B9F02CB}.Debug|Any CPU.ActiveCfg = Debug|Any CPU
		{515EAF8A-088A-4F6C-8485-EA304B9F02CB}.Debug|Any CPU.Build.0 = Debug|Any CPU
		{515EAF8A-088A-4F6C-8485-EA304B9F02CB}.Release|Any CPU.ActiveCfg = Release|Any CPU
		{515EAF8A-088A-4F6C-8485-EA304B9F02CB}.Release|Any CPU.Build.0 = Release|Any CPU
	EndGlobalSection
	GlobalSection(SolutionProperties) = preSolution
		HideSolutionNode = FALSE
	EndGlobalSection
	GlobalSection(NestedProjects) = preSolution
		{08011452-27B0-4D82-B1AB-CCAC8B5411B7} = {4AE467F1-29C3-410F-8BD3-F7D62307BA1B}
		{B8BEF432-B37D-4749-A6A3-4DC5E2D394EA} = {4AE467F1-29C3-410F-8BD3-F7D62307BA1B}
		{515EAF8A-088A-4F6C-8485-EA304B9F02CB} = {4AE467F1-29C3-410F-8BD3-F7D62307BA1B}
		{D57F6C9A-074E-4E75-A172-F45B232510F8} = {9430F9CB-B158-4507-A585-ED728769EAA8}
	EndGlobalSection
EndGlobal
